
Microsoft Visual Studio Solution File, Format Version 12.00
# Visual Studio Version 17
VisualStudioVersion = 17.2.32630.192
MinimumVisualStudioVersion = 10.0.40219.1
Project("{FAE04EC0-301F-11D3-BF4B-00C04F79EFBC}") = "Math", "Math.csproj", "{58F3778D-B86A-43F8-BE2A-FC8220CF0263}"
EndProject
Global
	GlobalSection(SolutionConfigurationPlatforms) = preSolution
		Debug|Any CPU = Debug|Any CPU
		Release|Any CPU = Release|Any CPU
	EndGlobalSection
	GlobalSection(ProjectConfigurationPlatforms) = postSolution
		{58F3778D-B86A-43F8-BE2A-FC8220CF0263}.Debug|Any CPU.ActiveCfg = Debug|Any CPU
		{58F3778D-B86A-43F8-BE2A-FC8220CF0263}.Debug|Any CPU.Build.0 = Debug|Any CPU
		{58F3778D-B86A-43F8-BE2A-FC8220CF0263}.Release|Any CPU.ActiveCfg = Release|Any CPU
		{58F3778D-B86A-43F8-BE2A-FC8220CF0263}.Release|Any CPU.Build.0 = Release|Any CPU
	EndGlobalSection
	GlobalSection(SolutionProperties) = preSolution
		HideSolutionNode = FALSE
	EndGlobalSection
	GlobalSection(ExtensibilityGlobals) = postSolution
		SolutionGuid = {E5506F70-A6E3-4D81-905A-7523023EDD9C}
	EndGlobalSection
EndGlobal
